
Microsoft Visual Studio Solution File, Format Version 12.00
# Visual Studio Version 17
VisualStudioVersion = 17.7.34202.233
MinimumVisualStudioVersion = 10.0.40219.1
Project("{FAE04EC0-301F-11D3-BF4B-00C04F79EFBC}") = "Basic Loader", "Basic Loader.csproj", "{06515CDE-BA6C-4171-ABE3-721222F741C9}"
EndProject
Global
	GlobalSection(SolutionConfigurationPlatforms) = preSolution
		Debug|Any CPU = Debug|Any CPU
		Debug|x64 = Debug|x64
		Release|Any CPU = Release|Any CPU
		Release|x64 = Release|x64
	EndGlobalSection
	GlobalSection(ProjectConfigurationPlatforms) = postSolution
		{06515CDE-BA6C-4171-ABE3-721222F741C9}.Debug|Any CPU.ActiveCfg = Debug|Any CPU
		{06515CDE-BA6C-4171-ABE3-721222F741C9}.Debug|Any CPU.Build.0 = Debug|Any CPU
		{06515CDE-BA6C-4171-ABE3-721222F741C9}.Debug|x64.ActiveCfg = Debug|x64
		{06515CDE-BA6C-4171-ABE3-721222F741C9}.Debug|x64.Build.0 = Debug|x64
		{06515CDE-BA6C-4171-ABE3-721222F741C9}.Release|Any CPU.ActiveCfg = Release|Any CPU
		{06515CDE-BA6C-4171-ABE3-721222F741C9}.Release|Any CPU.Build.0 = Release|Any CPU
		{06515CDE-BA6C-4171-ABE3-721222F741C9}.Release|x64.ActiveCfg = Release|x64
		{06515CDE-BA6C-4171-ABE3-721222F741C9}.Release|x64.Build.0 = Release|x64
	EndGlobalSection
	GlobalSection(SolutionProperties) = preSolution
		HideSolutionNode = FALSE
	EndGlobalSection
	GlobalSection(ExtensibilityGlobals) = postSolution
		SolutionGuid = {42F33A96-4EED-4D41-8C52-367B7E517AEE}
	EndGlobalSection
EndGlobal
